
Microsoft Visual Studio Solution File, Format Version 12.00
# Visual Studio Version 16
VisualStudioVersion = 16.0.32630.194
MinimumVisualStudioVersion = 10.0.40219.1
Project("{FAE04EC0-301F-11D3-BF4B-00C04F79EFBC}") = "StacksandQueues", "StacksandQueues\StacksandQueues.csproj", "{D8AA7D43-A777-4626-A6E4-49CF8800B271}"
EndProject
Global
	GlobalSection(SolutionConfigurationPlatforms) = preSolution
		Debug|Any CPU = Debug|Any CPU
		Release|Any CPU = Release|Any CPU
	EndGlobalSection
	GlobalSection(ProjectConfigurationPlatforms) = postSolution
		{D8AA7D43-A777-4626-A6E4-49CF8800B271}.Debug|Any CPU.ActiveCfg = Debug|Any CPU
		{D8AA7D43-A777-4626-A6E4-49CF8800B271}.Debug|Any CPU.Build.0 = Debug|Any CPU
		{D8AA7D43-A777-4626-A6E4-49CF8800B271}.Release|Any CPU.ActiveCfg = Release|Any CPU
		{D8AA7D43-A777-4626-A6E4-49CF8800B271}.Release|Any CPU.Build.0 = Release|Any CPU
	EndGlobalSection
	GlobalSection(SolutionProperties) = preSolution
		HideSolutionNode = FALSE
	EndGlobalSection
	GlobalSection(ExtensibilityGlobals) = postSolution
		SolutionGuid = {54531EB5-C2C3-470F-A76E-C38DCEAF86DB}
	EndGlobalSection
EndGlobal
